{
  "name": "maqueta",
  "version": "1.0.0",
  "lockfileVersion": 1,
  "requires": true,
  "dependencies": {
    "@tailwindcss/line-clamp": {
      "version": "0.2.1",
      "resolved": "https://registry.npmjs.org/@tailwindcss/line-clamp/-/line-clamp-0.2.1.tgz",
      "integrity": "sha512-Hq2KJY1+T2v7jw/mnT3mnC7CKbp5kj1XTqzSb2xbEt1j+JkxIR6N3ijsN/WevZtsKJfVE1KOejA/3IRKuhZEsQ=="
    }
  }
}
